
Microsoft Visual Studio Solution File, Format Version 12.00
# Visual Studio 14
VisualStudioVersion = 14.0.25420.1
MinimumVisualStudioVersion = 10.0.40219.1
Project("{8BC9CEB8-8B4A-11D0-8D11-00A0C91BC942}") = "SerachInDoubleArr", "SerachInDoubleArr\SerachInDoubleArr.vcxproj", "{023185F1-B930-4DD4-AAF2-8445E0EA493D}"
EndProject
Project("{8BC9CEB8-8B4A-11D0-8D11-00A0C91BC942}") = "ReplaceSpace", "ReplaceSpace\ReplaceSpace.vcxproj", "{86CD82EF-8B40-4753-95AA-F0F085941182}"
EndProject
Project("{8BC9CEB8-8B4A-11D0-8D11-00A0C91BC942}") = "PrintListFromTail", "PrintListFromTail\PrintListFromTail.vcxproj", "{36256E62-D490-4DFE-A363-796D6AFEAEB9}"
EndProject
Project("{8BC9CEB8-8B4A-11D0-8D11-00A0C91BC942}") = "BuildBinTree", "BuildBinTree\BuildBinTree.vcxproj", "{2EF5C9E3-D20C-41C1-B151-71B4A939D6AF}"
EndProject
Project("{8BC9CEB8-8B4A-11D0-8D11-00A0C91BC942}") = "StackToQueue", "StackToQueue\StackToQueue.vcxproj", "{3883861D-EDC5-4D56-96BC-C8E90C198544}"
EndProject
Project("{8BC9CEB8-8B4A-11D0-8D11-00A0C91BC942}") = "RotateArray", "RotateArray\RotateArray.vcxproj", "{E89203A6-C414-40DA-83BC-E4392EEC9433}"
EndProject
Project("{8BC9CEB8-8B4A-11D0-8D11-00A0C91BC942}") = "Fibonacci", "Fibonacci\Fibonacci.vcxproj", "{DDE6CBA5-75E5-4D20-9FEC-99F7EEF599C2}"
EndProject
Project("{8BC9CEB8-8B4A-11D0-8D11-00A0C91BC942}") = "Binary", "Binary\Binary.vcxproj", "{37AA6BCF-B303-45A9-8F25-86B9F7629DB9}"
EndProject
Project("{8BC9CEB8-8B4A-11D0-8D11-00A0C91BC942}") = "Power", "Power\Power.vcxproj", "{19DE2EC4-B640-4776-9303-C9AE45731316}"
EndProject
Project("{8BC9CEB8-8B4A-11D0-8D11-00A0C91BC942}") = "FindListNodeFromEnd", "FindListNodeFromEnd\FindListNodeFromEnd.vcxproj", "{D708EAB5-C8D1-4260-8312-08511D260238}"
EndProject
Project("{8BC9CEB8-8B4A-11D0-8D11-00A0C91BC942}") = "ReverseList", "ReverseList\ReverseList.vcxproj", "{A70A8A5D-9703-41A5-B74A-62DDCD96C13C}"
EndProject
Project("{8BC9CEB8-8B4A-11D0-8D11-00A0C91BC942}") = "MergeSortedList", "MergeSortedList\MergeSortedList.vcxproj", "{2780365B-E2C7-4645-989C-24996AF00B90}"
EndProject
Project("{8BC9CEB8-8B4A-11D0-8D11-00A0C91BC942}") = "SubStructureInTree", "SubStructureInTree\SubStructureInTree.vcxproj", "{98A1427A-4D86-4ED9-A1B8-B13D07738D10}"
EndProject
Project("{8BC9CEB8-8B4A-11D0-8D11-00A0C91BC942}") = "MirrorOfBinTree", "MirrorOfBinTree\MirrorOfBinTree.vcxproj", "{1B26D5CE-9AA7-4C03-B8BD-A5D8B16414A1}"
EndProject
Project("{8BC9CEB8-8B4A-11D0-8D11-00A0C91BC942}") = "PrintMatrix", "PrintMatrix\PrintMatrix.vcxproj", "{6828CC6B-7228-47B9-A6D2-15FE4B50F59C}"
EndProject
Project("{8BC9CEB8-8B4A-11D0-8D11-00A0C91BC942}") = "MinNumInStack", "MinNumInStack\MinNumInStack.vcxproj", "{C1161ACA-5568-415D-861E-41AE81490CF3}"
EndProject
Project("{8BC9CEB8-8B4A-11D0-8D11-00A0C91BC942}") = "StackPushPopOrder", "StackPushPopOrder\StackPushPopOrder.vcxproj", "{8E9A12B4-27D9-4B7D-9B65-D5F4A25C5DCE}"
EndProject
Global
	GlobalSection(SolutionConfigurationPlatforms) = preSolution
		Debug|x64 = Debug|x64
		Debug|x86 = Debug|x86
		Release|x64 = Release|x64
		Release|x86 = Release|x86
	EndGlobalSection
	GlobalSection(ProjectConfigurationPlatforms) = postSolution
		{023185F1-B930-4DD4-AAF2-8445E0EA493D}.Debug|x64.ActiveCfg = Debug|x64
		{023185F1-B930-4DD4-AAF2-8445E0EA493D}.Debug|x64.Build.0 = Debug|x64
		{023185F1-B930-4DD4-AAF2-8445E0EA493D}.Debug|x86.ActiveCfg = Debug|Win32
		{023185F1-B930-4DD4-AAF2-8445E0EA493D}.Debug|x86.Build.0 = Debug|Win32
		{023185F1-B930-4DD4-AAF2-8445E0EA493D}.Release|x64.ActiveCfg = Release|x64
		{023185F1-B930-4DD4-AAF2-8445E0EA493D}.Release|x64.Build.0 = Release|x64
		{023185F1-B930-4DD4-AAF2-8445E0EA493D}.Release|x86.ActiveCfg = Release|Win32
		{023185F1-B930-4DD4-AAF2-8445E0EA493D}.Release|x86.Build.0 = Release|Win32
		{86CD82EF-8B40-4753-95AA-F0F085941182}.Debug|x64.ActiveCfg = Debug|x64
		{86CD82EF-8B40-4753-95AA-F0F085941182}.Debug|x64.Build.0 = Debug|x64
		{86CD82EF-8B40-4753-95AA-F0F085941182}.Debug|x86.ActiveCfg = Debug|Win32
		{86CD82EF-8B40-4753-95AA-F0F085941182}.Debug|x86.Build.0 = Debug|Win32
		{86CD82EF-8B40-4753-95AA-F0F085941182}.Release|x64.ActiveCfg = Release|x64
		{86CD82EF-8B40-4753-95AA-F0F085941182}.Release|x64.Build.0 = Release|x64
		{86CD82EF-8B40-4753-95AA-F0F085941182}.Release|x86.ActiveCfg = Release|Win32
		{86CD82EF-8B40-4753-95AA-F0F085941182}.Release|x86.Build.0 = Release|Win32
		{36256E62-D490-4DFE-A363-796D6AFEAEB9}.Debug|x64.ActiveCfg = Debug|x64
		{36256E62-D490-4DFE-A363-796D6AFEAEB9}.Debug|x64.Build.0 = Debug|x64
		{36256E62-D490-4DFE-A363-796D6AFEAEB9}.Debug|x86.ActiveCfg = Debug|Win32
		{36256E62-D490-4DFE-A363-796D6AFEAEB9}.Debug|x86.Build.0 = Debug|Win32
		{36256E62-D490-4DFE-A363-796D6AFEAEB9}.Release|x64.ActiveCfg = Release|x64
		{36256E62-D490-4DFE-A363-796D6AFEAEB9}.Release|x64.Build.0 = Release|x64
		{36256E62-D490-4DFE-A363-796D6AFEAEB9}.Release|x86.ActiveCfg = Release|Win32
		{36256E62-D490-4DFE-A363-796D6AFEAEB9}.Release|x86.Build.0 = Release|Win32
		{2EF5C9E3-D20C-41C1-B151-71B4A939D6AF}.Debug|x64.ActiveCfg = Debug|x64
		{2EF5C9E3-D20C-41C1-B151-71B4A939D6AF}.Debug|x64.Build.0 = Debug|x64
		{2EF5C9E3-D20C-41C1-B151-71B4A939D6AF}.Debug|x86.ActiveCfg = Debug|Win32
		{2EF5C9E3-D20C-41C1-B151-71B4A939D6AF}.Debug|x86.Build.0 = Debug|Win32
		{2EF5C9E3-D20C-41C1-B151-71B4A939D6AF}.Release|x64.ActiveCfg = Release|x64
		{2EF5C9E3-D20C-41C1-B151-71B4A939D6AF}.Release|x64.Build.0 = Release|x64
		{2EF5C9E3-D20C-41C1-B151-71B4A939D6AF}.Release|x86.ActiveCfg = Release|Win32
		{2EF5C9E3-D20C-41C1-B151-71B4A939D6AF}.Release|x86.Build.0 = Release|Win32
		{3883861D-EDC5-4D56-96BC-C8E90C198544}.Debug|x64.ActiveCfg = Debug|x64
		{3883861D-EDC5-4D56-96BC-C8E90C198544}.Debug|x64.Build.0 = Debug|x64
		{3883861D-EDC5-4D56-96BC-C8E90C198544}.Debug|x86.ActiveCfg = Debug|Win32
		{3883861D-EDC5-4D56-96BC-C8E90C198544}.Debug|x86.Build.0 = Debug|Win32
		{3883861D-EDC5-4D56-96BC-C8E90C198544}.Release|x64.ActiveCfg = Release|x64
		{3883861D-EDC5-4D56-96BC-C8E90C198544}.Release|x64.Build.0 = Release|x64
		{3883861D-EDC5-4D56-96BC-C8E90C198544}.Release|x86.ActiveCfg = Release|Win32
		{3883861D-EDC5-4D56-96BC-C8E90C198544}.Release|x86.Build.0 = Release|Win32
		{E89203A6-C414-40DA-83BC-E4392EEC9433}.Debug|x64.ActiveCfg = Debug|x64
		{E89203A6-C414-40DA-83BC-E4392EEC9433}.Debug|x64.Build.0 = Debug|x64
		{E89203A6-C414-40DA-83BC-E4392EEC9433}.Debug|x86.ActiveCfg = Debug|Win32
		{E89203A6-C414-40DA-83BC-E4392EEC9433}.Debug|x86.Build.0 = Debug|Win32
		{E89203A6-C414-40DA-83BC-E4392EEC9433}.Release|x64.ActiveCfg = Release|x64
		{E89203A6-C414-40DA-83BC-E4392EEC9433}.Release|x64.Build.0 = Release|x64
		{E89203A6-C414-40DA-83BC-E4392EEC9433}.Release|x86.ActiveCfg = Release|Win32
		{E89203A6-C414-40DA-83BC-E4392EEC9433}.Release|x86.Build.0 = Release|Win32
		{DDE6CBA5-75E5-4D20-9FEC-99F7EEF599C2}.Debug|x64.ActiveCfg = Debug|x64
		{DDE6CBA5-75E5-4D20-9FEC-99F7EEF599C2}.Debug|x64.Build.0 = Debug|x64
		{DDE6CBA5-75E5-4D20-9FEC-99F7EEF599C2}.Debug|x86.ActiveCfg = Debug|Win32
		{DDE6CBA5-75E5-4D20-9FEC-99F7EEF599C2}.Debug|x86.Build.0 = Debug|Win32
		{DDE6CBA5-75E5-4D20-9FEC-99F7EEF599C2}.Release|x64.ActiveCfg = Release|x64
		{DDE6CBA5-75E5-4D20-9FEC-99F7EEF599C2}.Release|x64.Build.0 = Release|x64
		{DDE6CBA5-75E5-4D20-9FEC-99F7EEF599C2}.Release|x86.ActiveCfg = Release|Win32
		{DDE6CBA5-75E5-4D20-9FEC-99F7EEF599C2}.Release|x86.Build.0 = Release|Win32
		{37AA6BCF-B303-45A9-8F25-86B9F7629DB9}.Debug|x64.ActiveCfg = Debug|x64
		{37AA6BCF-B303-45A9-8F25-86B9F7629DB9}.Debug|x64.Build.0 = Debug|x64
		{37AA6BCF-B303-45A9-8F25-86B9F7629DB9}.Debug|x86.ActiveCfg = Debug|Win32
		{37AA6BCF-B303-45A9-8F25-86B9F7629DB9}.Debug|x86.Build.0 = Debug|Win32
		{37AA6BCF-B303-45A9-8F25-86B9F7629DB9}.Release|x64.ActiveCfg = Release|x64
		{37AA6BCF-B303-45A9-8F25-86B9F7629DB9}.Release|x64.Build.0 = Release|x64
		{37AA6BCF-B303-45A9-8F25-86B9F7629DB9}.Release|x86.ActiveCfg = Release|Win32
		{37AA6BCF-B303-45A9-8F25-86B9F7629DB9}.Release|x86.Build.0 = Release|Win32
		{19DE2EC4-B640-4776-9303-C9AE45731316}.Debug|x64.ActiveCfg = Debug|x64
		{19DE2EC4-B640-4776-9303-C9AE45731316}.Debug|x64.Build.0 = Debug|x64
		{19DE2EC4-B640-4776-9303-C9AE45731316}.Debug|x86.ActiveCfg = Debug|Win32
		{19DE2EC4-B640-4776-9303-C9AE45731316}.Debug|x86.Build.0 = Debug|Win32
		{19DE2EC4-B640-4776-9303-C9AE45731316}.Release|x64.ActiveCfg = Release|x64
		{19DE2EC4-B640-4776-9303-C9AE45731316}.Release|x64.Build.0 = Release|x64
		{19DE2EC4-B640-4776-9303-C9AE45731316}.Release|x86.ActiveCfg = Release|Win32
		{19DE2EC4-B640-4776-9303-C9AE45731316}.Release|x86.Build.0 = Release|Win32
		{D708EAB5-C8D1-4260-8312-08511D260238}.Debug|x64.ActiveCfg = Debug|x64
		{D708EAB5-C8D1-4260-8312-08511D260238}.Debug|x64.Build.0 = Debug|x64
		{D708EAB5-C8D1-4260-8312-08511D260238}.Debug|x86.ActiveCfg = Debug|Win32
		{D708EAB5-C8D1-4260-8312-08511D260238}.Debug|x86.Build.0 = Debug|Win32
		{D708EAB5-C8D1-4260-8312-08511D260238}.Release|x64.ActiveCfg = Release|x64
		{D708EAB5-C8D1-4260-8312-08511D260238}.Release|x64.Build.0 = Release|x64
		{D708EAB5-C8D1-4260-8312-08511D260238}.Release|x86.ActiveCfg = Release|Win32
		{D708EAB5-C8D1-4260-8312-08511D260238}.Release|x86.Build.0 = Release|Win32
		{A70A8A5D-9703-41A5-B74A-62DDCD96C13C}.Debug|x64.ActiveCfg = Debug|x64
		{A70A8A5D-9703-41A5-B74A-62DDCD96C13C}.Debug|x64.Build.0 = Debug|x64
		{A70A8A5D-9703-41A5-B74A-62DDCD96C13C}.Debug|x86.ActiveCfg = Debug|Win32
		{A70A8A5D-9703-41A5-B74A-62DDCD96C13C}.Debug|x86.Build.0 = Debug|Win32
		{A70A8A5D-9703-41A5-B74A-62DDCD96C13C}.Release|x64.ActiveCfg = Release|x64
		{A70A8A5D-9703-41A5-B74A-62DDCD96C13C}.Release|x64.Build.0 = Release|x64
		{A70A8A5D-9703-41A5-B74A-62DDCD96C13C}.Release|x86.ActiveCfg = Release|Win32
		{A70A8A5D-9703-41A5-B74A-62DDCD96C13C}.Release|x86.Build.0 = Release|Win32
		{2780365B-E2C7-4645-989C-24996AF00B90}.Debug|x64.ActiveCfg = Debug|x64
		{2780365B-E2C7-4645-989C-24996AF00B90}.Debug|x64.Build.0 = Debug|x64
		{2780365B-E2C7-4645-989C-24996AF00B90}.Debug|x86.ActiveCfg = Debug|Win32
		{2780365B-E2C7-4645-989C-24996AF00B90}.Debug|x86.Build.0 = Debug|Win32
		{2780365B-E2C7-4645-989C-24996AF00B90}.Release|x64.ActiveCfg = Release|x64
		{2780365B-E2C7-4645-989C-24996AF00B90}.Release|x64.Build.0 = Release|x64
		{2780365B-E2C7-4645-989C-24996AF00B90}.Release|x86.ActiveCfg = Release|Win32
		{2780365B-E2C7-4645-989C-24996AF00B90}.Release|x86.Build.0 = Release|Win32
		{98A1427A-4D86-4ED9-A1B8-B13D07738D10}.Debug|x64.ActiveCfg = Debug|x64
		{98A1427A-4D86-4ED9-A1B8-B13D07738D10}.Debug|x64.Build.0 = Debug|x64
		{98A1427A-4D86-4ED9-A1B8-B13D07738D10}.Debug|x86.ActiveCfg = Debug|Win32
		{98A1427A-4D86-4ED9-A1B8-B13D07738D10}.Debug|x86.Build.0 = Debug|Win32
		{98A1427A-4D86-4ED9-A1B8-B13D07738D10}.Release|x64.ActiveCfg = Release|x64
		{98A1427A-4D86-4ED9-A1B8-B13D07738D10}.Release|x64.Build.0 = Release|x64
		{98A1427A-4D86-4ED9-A1B8-B13D07738D10}.Release|x86.ActiveCfg = Release|Win32
		{98A1427A-4D86-4ED9-A1B8-B13D07738D10}.Release|x86.Build.0 = Release|Win32
		{1B26D5CE-9AA7-4C03-B8BD-A5D8B16414A1}.Debug|x64.ActiveCfg = Debug|x64
		{1B26D5CE-9AA7-4C03-B8BD-A5D8B16414A1}.Debug|x64.Build.0 = Debug|x64
		{1B26D5CE-9AA7-4C03-B8BD-A5D8B16414A1}.Debug|x86.ActiveCfg = Debug|Win32
		{1B26D5CE-9AA7-4C03-B8BD-A5D8B16414A1}.Debug|x86.Build.0 = Debug|Win32
		{1B26D5CE-9AA7-4C03-B8BD-A5D8B16414A1}.Release|x64.ActiveCfg = Release|x64
		{1B26D5CE-9AA7-4C03-B8BD-A5D8B16414A1}.Release|x64.Build.0 = Release|x64
		{1B26D5CE-9AA7-4C03-B8BD-A5D8B16414A1}.Release|x86.ActiveCfg = Release|Win32
		{1B26D5CE-9AA7-4C03-B8BD-A5D8B16414A1}.Release|x86.Build.0 = Release|Win32
		{6828CC6B-7228-47B9-A6D2-15FE4B50F59C}.Debug|x64.ActiveCfg = Debug|x64
		{6828CC6B-7228-47B9-A6D2-15FE4B50F59C}.Debug|x64.Build.0 = Debug|x64
		{6828CC6B-7228-47B9-A6D2-15FE4B50F59C}.Debug|x86.ActiveCfg = Debug|Win32
		{6828CC6B-7228-47B9-A6D2-15FE4B50F59C}.Debug|x86.Build.0 = Debug|Win32
		{6828CC6B-7228-47B9-A6D2-15FE4B50F59C}.Release|x64.ActiveCfg = Release|x64
		{6828CC6B-7228-47B9-A6D2-15FE4B50F59C}.Release|x64.Build.0 = Release|x64
		{6828CC6B-7228-47B9-A6D2-15FE4B50F59C}.Release|x86.ActiveCfg = Release|Win32
		{6828CC6B-7228-47B9-A6D2-15FE4B50F59C}.Release|x86.Build.0 = Release|Win32
		{C1161ACA-5568-415D-861E-41AE81490CF3}.Debug|x64.ActiveCfg = Debug|x64
		{C1161ACA-5568-415D-861E-41AE81490CF3}.Debug|x64.Build.0 = Debug|x64
		{C1161ACA-5568-415D-861E-41AE81490CF3}.Debug|x86.ActiveCfg = Debug|Win32
		{C1161ACA-5568-415D-861E-41AE81490CF3}.Debug|x86.Build.0 = Debug|Win32
		{C1161ACA-5568-415D-861E-41AE81490CF3}.Release|x64.ActiveCfg = Release|x64
		{C1161ACA-5568-415D-861E-41AE81490CF3}.Release|x64.Build.0 = Release|x64
		{C1161ACA-5568-415D-861E-41AE81490CF3}.Release|x86.ActiveCfg = Release|Win32
		{C1161ACA-5568-415D-861E-41AE81490CF3}.Release|x86.Build.0 = Release|Win32
		{8E9A12B4-27D9-4B7D-9B65-D5F4A25C5DCE}.Debug|x64.ActiveCfg = Debug|x64
		{8E9A12B4-27D9-4B7D-9B65-D5F4A25C5DCE}.Debug|x64.Build.0 = Debug|x64
		{8E9A12B4-27D9-4B7D-9B65-D5F4A25C5DCE}.Debug|x86.ActiveCfg = Debug|Win32
		{8E9A12B4-27D9-4B7D-9B65-D5F4A25C5DCE}.Debug|x86.Build.0 = Debug|Win32
		{8E9A12B4-27D9-4B7D-9B65-D5F4A25C5DCE}.Release|x64.ActiveCfg = Release|x64
		{8E9A12B4-27D9-4B7D-9B65-D5F4A25C5DCE}.Release|x64.Build.0 = Release|x64
		{8E9A12B4-27D9-4B7D-9B65-D5F4A25C5DCE}.Release|x86.ActiveCfg = Release|Win32
		{8E9A12B4-27D9-4B7D-9B65-D5F4A25C5DCE}.Release|x86.Build.0 = Release|Win32
	EndGlobalSection
	GlobalSection(SolutionProperties) = preSolution
		HideSolutionNode = FALSE
	EndGlobalSection
EndGlobal
